{
  "name": "scout",
  "version": "1.0.0",
  "lockfileVersion": 3,
  "requires": true,
  "packages": {
    "": {
      "name": "scout",
      "version": "1.0.0",
      "license": "ISC",
      "dependencies": {
        "caspian-sdk": "^0.6.1",
        "dotenv": "^17.4.2"
      },
      "devDependencies": {}
    },
    "node_modules/caspian-sdk": {
      "version": "0.6.1",
      "resolved": "https://registry.npmjs.org/caspian-sdk/-/caspian-sdk-0.6.1.tgz",
      "integrity": "sha512-1IampbvMu4OprtxKdasqyHck9Dj1+p4ASqnurpCZDKoqrmG0H8e2wG/vzJ9FtskIH3ytVr+Tz9JiLJhB78/v6g==",
      "license": "MIT",
      "engines": {
        "node": ">=18"
      }
    },
    "node_modules/dotenv": {
      "version": "17.4.2",
      "resolved": "https://registry.npmjs.org/dotenv/-/dotenv-17.4.2.tgz",
      "integrity": "sha512-nI4U3TottKAcAD9LLud4Cb7b2QztQMUEfHbvhTH09bqXTxnSie8WnjPALV/WMCrJZ6UV/qHJ6L03OqO3LcdYZw==",
      "license": "BSD-2-Clause",
      "engines": {
        "node": ">=12"
      },
      "funding": {
        "url": "https://dotenvx.com"
      }
    }
  }
}
